%{
  "castore": {:hex, :castore, "0.1.22", "4127549e411bedd012ca3a308dede574f43819fe9394254ca55ab4895abfa1a2", [:mix], [], "hexpm", "c17576df47eb5aa1ee40cc4134316a99f5cad3e215d5c77b8dd3cfef12a22cac"},
  "cowboy": {:hex, :cowboy, "2.10.0", "ff9ffeff91dae4ae270dd975642997afe2a1179d94b1887863e43f681a203e26", [:make, :rebar3], [{:cowlib, "2.12.1", [hex: :cowlib, repo: "hexpm", optional: false]}, {:ranch, "1.8.0", [hex: :ranch, repo: "hexpm", optional: false]}], "hexpm", "3afdccb7183cc6f143cb14d3cf51fa00e53db9ec80cdcd525482f5e99bc41d6b"},
  "cowlib": {:hex, :cowlib, "2.12.1", "a9fa9a625f1d2025fe6b462cb865881329b5caff8f1854d1cbc9f9533f00e1e1", [:make, :rebar3], [], "hexpm", "163b73f6367a7341b33c794c4e88e7dbfe6498ac42dcd69ef44c5bc5507c8db0"},
  "db_connection": {:hex, :db_connection, "2.5.0", "bb6d4f30d35ded97b29fe80d8bd6f928a1912ca1ff110831edcd238a1973652c", [:mix], [{:telemetry, "~> 0.4 or ~> 1.0", [hex: :telemetry, repo: "hexpm", optional: false]}], "hexpm", "c92d5ba26cd69ead1ff7582dbb860adeedfff39774105a4f1c92cbb654b55aa2"},
  "decimal": {:hex, :decimal, "2.1.1", "5611dca5d4b2c3dd497dec8f68751f1f1a54755e8ed2a966c2633cf885973ad6", [:mix], [], "hexpm", "53cfe5f497ed0e7771ae1a475575603d77425099ba5faef9394932b35020ffcc"},
  "dotenvy": {:hex, :dotenvy, "0.8.0", "777486ad485668317c56afc53a7cbcd74f43e4e34588ba8e95a73e15a360050e", [:mix], [], "hexpm", "1f535066282388cbd109743d337ac46ff0708195780d4b5778bb83491ab1b654"},
  "ex_hash_ring": {:hex, :ex_hash_ring, "6.0.4", "bef9d2d796afbbe25ab5b5a7ed746e06b99c76604f558113c273466d52fa6d6b", [:mix], [], "hexpm", "89adabf31f7d3dfaa36802ce598ce918e9b5b33bae8909ac1a4d052e1e567d18"},
  "fastglobal": {:hex, :fastglobal, "1.0.0", "f3133a0cda8e9408aac7281ec579c4b4a8386ce0e99ca55f746b9f58192f455b", [:mix], [], "hexpm", "cfdb7ed63910bc75f579cd09e2517618fa9418b56731d51d03f7ba4b400798d0"},
  "gen_registry": {:hex, :gen_registry, "1.3.0", "4b9ee72ca0e5f7450d054cef122ed9c491edb3d35e81f5a823626b8b76f2a4e1", [:mix], [], "hexpm", "33064ccc3be5ab7ee2f6946184fcfddf564fed60ccb7a90542d77f72d807f5dd"},
  "gen_stage": {:hex, :gen_stage, "1.2.1", "19d8b5e9a5996d813b8245338a28246307fd8b9c99d1237de199d21efc4c76a1", [:mix], [], "hexpm", "83e8be657fa05b992ffa6ac1e3af6d57aa50aace8f691fcf696ff02f8335b001"},
  "google_protos": {:hex, :google_protos, "0.3.0", "15faf44dce678ac028c289668ff56548806e313e4959a3aaf4f6e1ebe8db83f4", [:mix], [{:protobuf, "~> 0.10", [hex: :protobuf, repo: "hexpm", optional: false]}], "hexpm", "1f6b7fb20371f72f418b98e5e48dae3e022a9a6de1858d4b254ac5a5d0b4035f"},
  "grpc": {:hex, :grpc, "0.6.0", "73a844f8baae3940f39482e939efb2b5537ff1cab2c030de41eab810dcc2ccd5", [:mix], [{:cowboy, "~> 2.10", [hex: :cowboy, repo: "hexpm", optional: false]}, {:cowlib, "~> 2.12", [hex: :cowlib, repo: "hexpm", optional: false]}, {:gun, "~> 2.0", [hex: :gun, repo: "hexpm", optional: false]}, {:mint, "~> 1.4.2", [hex: :mint, repo: "hexpm", optional: false]}, {:telemetry, "~> 1.0", [hex: :telemetry, repo: "hexpm", optional: false]}], "hexpm", "eeab150356072c89d6e34525744c55585ad1a04ce65aba5a3bab89aa990d8143"},
  "gun": {:hex, :gun, "2.0.1", "160a9a5394800fcba41bc7e6d421295cf9a7894c2252c0678244948e3336ad73", [:make, :rebar3], [{:cowlib, "2.12.1", [hex: :cowlib, repo: "hexpm", optional: false]}], "hexpm", "a10bc8d6096b9502205022334f719cc9a08d9adcfbfc0dbee9ef31b56274a20b"},
  "hpax": {:hex, :hpax, "0.1.2", "09a75600d9d8bbd064cdd741f21fc06fc1f4cf3d0fcc335e5aa19be1a7235c84", [:mix], [], "hexpm", "2c87843d5a23f5f16748ebe77969880e29809580efdaccd615cd3bed628a8c13"},
  "instruments": {:hex, :instruments, "2.2.0", "7e0b9e18f2e8d880beb082275e34ab2ef6c8c3f861e026ae8c26f5d38512c9b1", [:mix], [{:recon, "~> 2.5.2", [hex: :recon, repo: "hexpm", optional: false]}, {:statix, "~> 1.2.1", [hex: :statix, repo: "hexpm", optional: false]}], "hexpm", "33180eeef0683585bb65265cb7575e3c5a9ffa89aca54ae8c6a2a439fe6f5255"},
  "joken": {:hex, :joken, "2.6.0", "b9dd9b6d52e3e6fcb6c65e151ad38bf4bc286382b5b6f97079c47ade6b1bcc6a", [:mix], [{:jose, "~> 1.11.5", [hex: :jose, repo: "hexpm", optional: false]}], "hexpm", "5a95b05a71cd0b54abd35378aeb1d487a23a52c324fa7efdffc512b655b5aaa7"},
  "jose": {:hex, :jose, "1.11.6", "613fda82552128aa6fb804682e3a616f4bc15565a048dabd05b1ebd5827ed965", [:mix, :rebar3], [], "hexpm", "6275cb75504f9c1e60eeacb771adfeee4905a9e182103aa59b53fed651ff9738"},
  "jsonrs": {:hex, :jsonrs, "0.3.1", "6c089f37608a4b08c3f08b2866fb94b17eca9b8c1156921ffb2a1f37e45e29fa", [:mix], [{:rustler, "~> 0.28.0", [hex: :rustler, repo: "hexpm", optional: true]}, {:rustler_precompiled, "~> 0.6.1", [hex: :rustler_precompiled, repo: "hexpm", optional: false]}], "hexpm", "c2d3cfe81a9a96bb101f2fd66f71ea7c727eb5baba37e22f8f10b13fffcea40c"},
  "manifold": {:hex, :manifold, "1.6.0", "1860db9f44e3f4b56e5222552132a71c26f31ba3c7afcd6421fd3b4aa6b8dfaf", [:mix], [], "hexpm", "f4028a840b903447e4a0a622e6ef64a755d4b9910ee05830ca40949c6568ac87"},
  "mint": {:hex, :mint, "1.4.2", "50330223429a6e1260b2ca5415f69b0ab086141bc76dc2fbf34d7c389a6675b2", [:mix], [{:castore, "~> 0.1.0", [hex: :castore, repo: "hexpm", optional: true]}, {:hpax, "~> 0.1.1", [hex: :hpax, repo: "hexpm", optional: false]}], "hexpm", "ce75a5bbcc59b4d7d8d70f8b2fc284b1751ffb35c7b6a6302b5192f8ab4ddd80"},
  "postgrex": {:hex, :postgrex, "0.17.2", "a3ec9e3239d9b33f1e5841565c4eb200055c52cc0757a22b63ca2d529bbe764c", [:mix], [{:db_connection, "~> 2.1", [hex: :db_connection, repo: "hexpm", optional: false]}, {:decimal, "~> 1.5 or ~> 2.0", [hex: :decimal, repo: "hexpm", optional: false]}, {:jason, "~> 1.0", [hex: :jason, repo: "hexpm", optional: true]}, {:table, "~> 0.1.0", [hex: :table, repo: "hexpm", optional: true]}], "hexpm", "80a918a9e9531d39f7bd70621422f3ebc93c01618c645f2d91306f50041ed90c"},
  "protobuf": {:hex, :protobuf, "0.12.0", "58c0dfea5f929b96b5aa54ec02b7130688f09d2de5ddc521d696eec2a015b223", [:mix], [{:jason, "~> 1.2", [hex: :jason, repo: "hexpm", optional: true]}], "hexpm", "75fa6cbf262062073dd51be44dd0ab940500e18386a6c4e87d5819a58964dc45"},
  "ranch": {:hex, :ranch, "1.8.0", "8c7a100a139fd57f17327b6413e4167ac559fbc04ca7448e9be9057311597a1d", [:make, :rebar3], [], "hexpm", "49fbcfd3682fab1f5d109351b61257676da1a2fdbe295904176d5e521a2ddfe5"},
  "recon": {:hex, :recon, "2.5.3", "739107b9050ea683c30e96de050bc59248fd27ec147696f79a8797ff9fa17153", [:mix, :rebar3], [], "hexpm", "6c6683f46fd4a1dfd98404b9f78dcabc7fcd8826613a89dcb984727a8c3099d7"},
  "rustler_precompiled": {:hex, :rustler_precompiled, "0.6.2", "d2218ba08a43fa331957f30481d00b666664d7e3861431b02bd3f4f30eec8e5b", [:mix], [{:castore, "~> 0.1 or ~> 1.0", [hex: :castore, repo: "hexpm", optional: false]}, {:rustler, "~> 0.23", [hex: :rustler, repo: "hexpm", optional: true]}], "hexpm", "b9048eaed8d7d14a53f758c91865cc616608a438d2595f621f6a4b32a5511709"},
  "statix": {:hex, :statix, "1.2.1", "4f23c8cc2477ea0de89fed5e34f08c54b0d28b838f7b8f26613155f2221bb31e", [:mix], [], "hexpm", "7f988988fddcce19ae376bb8e47aa5ea5dabf8d4ba78d34d1ae61eb537daf72e"},
  "telemetry": {:hex, :telemetry, "1.2.1", "68fdfe8d8f05a8428483a97d7aab2f268aaff24b49e0f599faa091f1d4e7f61c", [:rebar3], [], "hexpm", "dad9ce9d8effc621708f99eac538ef1cbe05d6a874dd741de2e689c47feafed5"},
  "zen_monitor": {:hex, :zen_monitor, "2.1.0", "526a1a9bd35c2c925aef68ef1f87868565259116901c72a248d129667791fea9", [:mix], [{:gen_registry, "~> 1.0", [hex: :gen_registry, repo: "hexpm", optional: false]}, {:gen_stage, "~> 1.0", [hex: :gen_stage, repo: "hexpm", optional: false]}, {:instruments, "~> 2.1", [hex: :instruments, repo: "hexpm", optional: false]}], "hexpm", "84dab55c0fe7c03c7543aec09e37a44cd4f84cce69d4a3d3396de8027dfb592b"},
}
